
Microsoft Visual Studio Solution File, Format Version 12.00
# Visual Studio Version 17
VisualStudioVersion = 17.13.35617.110 d17.13
MinimumVisualStudioVersion = 10.0.40219.1
Project("{FAE04EC0-301F-11D3-BF4B-00C04F79EFBC}") = "Altura.BidManagement.WebApi", "Altura.BidManagement.WebApi\Altura.BidManagement.WebApi.csproj", "{97BB1685-B1B7-45B7-9377-DB374417AA3F}"
EndProject
Project("{FAE04EC0-301F-11D3-BF4B-00C04F79EFBC}") = "Altura.BidManagement.WebApi.UnitTests", "Altura.BidManagement.WebApi.UnitTests\Altura.BidManagement.WebApi.UnitTests.csproj", "{75554DD2-6B51-4537-A4A6-B0F6BD89B80F}"
EndProject
Project("{FAE04EC0-301F-11D3-BF4B-00C04F79EFBC}") = "Altura.BidManagement.Application", "Altura.BidManagement.Application\Altura.BidManagement.Application.csproj", "{25CA0427-0B46-484D-BEAF-8CFE56529933}"
EndProject
Project("{2150E333-8FDC-42A3-9474-1A3956D46DE8}") = "src", "src", "{B0CC4EDD-21E4-4AE4-AE1E-88ABCF74579A}"
EndProject
Project("{2150E333-8FDC-42A3-9474-1A3956D46DE8}") = "tests", "tests", "{66AF7895-C26D-4FEC-80FF-9225D9418112}"
EndProject
Project("{FAE04EC0-301F-11D3-BF4B-00C04F79EFBC}") = "Altura.BidManagement.Domain", "Altura.BidManagement.Domain\Altura.BidManagement.Domain.csproj", "{6FC0149F-2D19-4E60-80D2-74C982AD0157}"
EndProject
Project("{FAE04EC0-301F-11D3-BF4B-00C04F79EFBC}") = "Altura.BidManagement.Infrastructure", "Altura.BidManagement.Infrastructure\Altura.BidManagement.Infrastructure.csproj", "{97F30651-7F4F-4819-98F4-FFA2653DE7DA}"
EndProject
Project("{FAE04EC0-301F-11D3-BF4B-00C04F79EFBC}") = "Altura.BidManagement.Persistence", "Altura.BidManagement.Persistence\Altura.BidManagement.Persistence.csproj", "{139575A0-B272-4DF5-A6D1-171F8F1B1F40}"
EndProject
Global
	GlobalSection(SolutionConfigurationPlatforms) = preSolution
		Debug|Any CPU = Debug|Any CPU
		Release|Any CPU = Release|Any CPU
	EndGlobalSection
	GlobalSection(ProjectConfigurationPlatforms) = postSolution
		{97BB1685-B1B7-45B7-9377-DB374417AA3F}.Debug|Any CPU.ActiveCfg = Debug|Any CPU
		{97BB1685-B1B7-45B7-9377-DB374417AA3F}.Debug|Any CPU.Build.0 = Debug|Any CPU
		{97BB1685-B1B7-45B7-9377-DB374417AA3F}.Release|Any CPU.ActiveCfg = Release|Any CPU
		{97BB1685-B1B7-45B7-9377-DB374417AA3F}.Release|Any CPU.Build.0 = Release|Any CPU
		{75554DD2-6B51-4537-A4A6-B0F6BD89B80F}.Debug|Any CPU.ActiveCfg = Debug|Any CPU
		{75554DD2-6B51-4537-A4A6-B0F6BD89B80F}.Debug|Any CPU.Build.0 = Debug|Any CPU
		{75554DD2-6B51-4537-A4A6-B0F6BD89B80F}.Release|Any CPU.ActiveCfg = Release|Any CPU
		{75554DD2-6B51-4537-A4A6-B0F6BD89B80F}.Release|Any CPU.Build.0 = Release|Any CPU
		{25CA0427-0B46-484D-BEAF-8CFE56529933}.Debug|Any CPU.ActiveCfg = Debug|Any CPU
		{25CA0427-0B46-484D-BEAF-8CFE56529933}.Debug|Any CPU.Build.0 = Debug|Any CPU
		{25CA0427-0B46-484D-BEAF-8CFE56529933}.Release|Any CPU.ActiveCfg = Release|Any CPU
		{25CA0427-0B46-484D-BEAF-8CFE56529933}.Release|Any CPU.Build.0 = Release|Any CPU
		{6FC0149F-2D19-4E60-80D2-74C982AD0157}.Debug|Any CPU.ActiveCfg = Debug|Any CPU
		{6FC0149F-2D19-4E60-80D2-74C982AD0157}.Debug|Any CPU.Build.0 = Debug|Any CPU
		{6FC0149F-2D19-4E60-80D2-74C982AD0157}.Release|Any CPU.ActiveCfg = Release|Any CPU
		{6FC0149F-2D19-4E60-80D2-74C982AD0157}.Release|Any CPU.Build.0 = Release|Any CPU
		{97F30651-7F4F-4819-98F4-FFA2653DE7DA}.Debug|Any CPU.ActiveCfg = Debug|Any CPU
		{97F30651-7F4F-4819-98F4-FFA2653DE7DA}.Debug|Any CPU.Build.0 = Debug|Any CPU
		{97F30651-7F4F-4819-98F4-FFA2653DE7DA}.Release|Any CPU.ActiveCfg = Release|Any CPU
		{97F30651-7F4F-4819-98F4-FFA2653DE7DA}.Release|Any CPU.Build.0 = Release|Any CPU
		{139575A0-B272-4DF5-A6D1-171F8F1B1F40}.Debug|Any CPU.ActiveCfg = Debug|Any CPU
		{139575A0-B272-4DF5-A6D1-171F8F1B1F40}.Debug|Any CPU.Build.0 = Debug|Any CPU
		{139575A0-B272-4DF5-A6D1-171F8F1B1F40}.Release|Any CPU.ActiveCfg = Release|Any CPU
		{139575A0-B272-4DF5-A6D1-171F8F1B1F40}.Release|Any CPU.Build.0 = Release|Any CPU
	EndGlobalSection
	GlobalSection(SolutionProperties) = preSolution
		HideSolutionNode = FALSE
	EndGlobalSection
	GlobalSection(ExtensibilityGlobals) = postSolution
		SolutionGuid = {9122CE29-7EE8-4868-9906-39D00201FCB3}
	EndGlobalSection
	GlobalSection(NestedProjects) = preSolution
		{25CA0427-0B46-484D-BEAF-8CFE56529933} = {B0CC4EDD-21E4-4AE4-AE1E-88ABCF74579A}
		{97BB1685-B1B7-45B7-9377-DB374417AA3F} = {B0CC4EDD-21E4-4AE4-AE1E-88ABCF74579A}
		{75554DD2-6B51-4537-A4A6-B0F6BD89B80F} = {66AF7895-C26D-4FEC-80FF-9225D9418112}
		{6FC0149F-2D19-4E60-80D2-74C982AD0157} = {B0CC4EDD-21E4-4AE4-AE1E-88ABCF74579A}
		{97F30651-7F4F-4819-98F4-FFA2653DE7DA} = {B0CC4EDD-21E4-4AE4-AE1E-88ABCF74579A}
		{139575A0-B272-4DF5-A6D1-171F8F1B1F40} = {B0CC4EDD-21E4-4AE4-AE1E-88ABCF74579A}
	EndGlobalSection
EndGlobal
